
Microsoft Visual Studio Solution File, Format Version 12.00
# Visual Studio Version 17
VisualStudioVersion = 17.14.36603.0 d17.14
MinimumVisualStudioVersion = 10.0.40219.1
Project("{FAE04EC0-301F-11D3-BF4B-00C04F79EFBC}") = "Struct.Delivery.API", "Struct.Delivery.API.csproj", "{EE46E114-E39C-46F0-B4E7-90506ABD775E}"
EndProject
Global
	GlobalSection(SolutionConfigurationPlatforms) = preSolution
		Debug|Any CPU = Debug|Any CPU
		Release|Any CPU = Release|Any CPU
	EndGlobalSection
	GlobalSection(ProjectConfigurationPlatforms) = postSolution
		{EE46E114-E39C-46F0-B4E7-90506ABD775E}.Debug|Any CPU.ActiveCfg = Debug|Any CPU
		{EE46E114-E39C-46F0-B4E7-90506ABD775E}.Debug|Any CPU.Build.0 = Debug|Any CPU
		{EE46E114-E39C-46F0-B4E7-90506ABD775E}.Release|Any CPU.ActiveCfg = Release|Any CPU
		{EE46E114-E39C-46F0-B4E7-90506ABD775E}.Release|Any CPU.Build.0 = Release|Any CPU
	EndGlobalSection
	GlobalSection(SolutionProperties) = preSolution
		HideSolutionNode = FALSE
	EndGlobalSection
	GlobalSection(ExtensibilityGlobals) = postSolution
		SolutionGuid = {8AD2DF18-F3E1-4B55-962F-58035A182CC1}
	EndGlobalSection
EndGlobal
