
Microsoft Visual Studio Solution File, Format Version 12.00
# Visual Studio Version 17
VisualStudioVersion = 17.14.36603.0
MinimumVisualStudioVersion = 10.0.40219.1
Project("{FAE04EC0-301F-11D3-BF4B-00C04F79EFBC}") = "WebhookReceiver", "Gateway\WebhookReceiver\WebhookReceiver.csproj", "{91E51463-84FF-CE31-135D-92792A4289A4}"
EndProject
Project("{FAE04EC0-301F-11D3-BF4B-00C04F79EFBC}") = "Delivery.Application", "Delivery.Application\Delivery.Application.csproj", "{9BB118D7-6C2A-4B90-8857-1872132123C0}"
EndProject
Project("{2150E333-8FDC-42A3-9474-1A3956D46DE8}") = "Gateway", "Gateway", "{02EA681E-C7D8-13C7-8484-4AC65E1B71E8}"
EndProject
Project("{FAE04EC0-301F-11D3-BF4B-00C04F79EFBC}") = "Delivery.Composition", "Delivery.Composition\Delivery.Composition.csproj", "{0B28F2A8-B42A-42BA-AA79-4415CCD90747}"
EndProject
Project("{FAE04EC0-301F-11D3-BF4B-00C04F79EFBC}") = "Delivery.Infrastructure", "Delivery.Infrastructure\Delivery.Infrastructure.csproj", "{755D3412-1F3D-44F4-8037-857FD6469B0D}"
EndProject
Project("{FAE04EC0-301F-11D3-BF4B-00C04F79EFBC}") = "Delivery.QueueWorker", "Delivery.QueueWorker\Delivery.QueueWorker.csproj", "{6EAEE9E2-6D1D-4851-8E02-699BE4C02461}"
EndProject
Project("{FAE04EC0-301F-11D3-BF4B-00C04F79EFBC}") = "Delivery.Domain", "Delivery.Domain\Delivery.Domain.csproj", "{2AF313ED-7C29-D40B-8738-C23FC3E42334}"
EndProject
Project("{FAE04EC0-301F-11D3-BF4B-00C04F79EFBC}") = "Delivery.Client", "Delivery.Client\Delivery.Client.csproj", "{65BC680B-1849-40DA-AA3B-BC92BA65BD9C}"
EndProject
Global
	GlobalSection(SolutionConfigurationPlatforms) = preSolution
		Debug|Any CPU = Debug|Any CPU
		Release|Any CPU = Release|Any CPU
	EndGlobalSection
	GlobalSection(ProjectConfigurationPlatforms) = postSolution
		{91E51463-84FF-CE31-135D-92792A4289A4}.Debug|Any CPU.ActiveCfg = Debug|Any CPU
		{91E51463-84FF-CE31-135D-92792A4289A4}.Debug|Any CPU.Build.0 = Debug|Any CPU
		{91E51463-84FF-CE31-135D-92792A4289A4}.Release|Any CPU.ActiveCfg = Release|Any CPU
		{91E51463-84FF-CE31-135D-92792A4289A4}.Release|Any CPU.Build.0 = Release|Any CPU
		{9BB118D7-6C2A-4B90-8857-1872132123C0}.Debug|Any CPU.ActiveCfg = Debug|Any CPU
		{9BB118D7-6C2A-4B90-8857-1872132123C0}.Debug|Any CPU.Build.0 = Debug|Any CPU
		{9BB118D7-6C2A-4B90-8857-1872132123C0}.Release|Any CPU.ActiveCfg = Release|Any CPU
		{9BB118D7-6C2A-4B90-8857-1872132123C0}.Release|Any CPU.Build.0 = Release|Any CPU
		{0B28F2A8-B42A-42BA-AA79-4415CCD90747}.Debug|Any CPU.ActiveCfg = Debug|Any CPU
		{0B28F2A8-B42A-42BA-AA79-4415CCD90747}.Debug|Any CPU.Build.0 = Debug|Any CPU
		{0B28F2A8-B42A-42BA-AA79-4415CCD90747}.Release|Any CPU.ActiveCfg = Release|Any CPU
		{0B28F2A8-B42A-42BA-AA79-4415CCD90747}.Release|Any CPU.Build.0 = Release|Any CPU
		{755D3412-1F3D-44F4-8037-857FD6469B0D}.Debug|Any CPU.ActiveCfg = Debug|Any CPU
		{755D3412-1F3D-44F4-8037-857FD6469B0D}.Debug|Any CPU.Build.0 = Debug|Any CPU
		{755D3412-1F3D-44F4-8037-857FD6469B0D}.Release|Any CPU.ActiveCfg = Release|Any CPU
		{755D3412-1F3D-44F4-8037-857FD6469B0D}.Release|Any CPU.Build.0 = Release|Any CPU
		{6EAEE9E2-6D1D-4851-8E02-699BE4C02461}.Debug|Any CPU.ActiveCfg = Debug|Any CPU
		{6EAEE9E2-6D1D-4851-8E02-699BE4C02461}.Debug|Any CPU.Build.0 = Debug|Any CPU
		{6EAEE9E2-6D1D-4851-8E02-699BE4C02461}.Release|Any CPU.ActiveCfg = Release|Any CPU
		{6EAEE9E2-6D1D-4851-8E02-699BE4C02461}.Release|Any CPU.Build.0 = Release|Any CPU
		{2AF313ED-7C29-D40B-8738-C23FC3E42334}.Debug|Any CPU.ActiveCfg = Debug|Any CPU
		{2AF313ED-7C29-D40B-8738-C23FC3E42334}.Debug|Any CPU.Build.0 = Debug|Any CPU
		{2AF313ED-7C29-D40B-8738-C23FC3E42334}.Release|Any CPU.ActiveCfg = Release|Any CPU
		{2AF313ED-7C29-D40B-8738-C23FC3E42334}.Release|Any CPU.Build.0 = Release|Any CPU
		{65BC680B-1849-40DA-AA3B-BC92BA65BD9C}.Debug|Any CPU.ActiveCfg = Debug|Any CPU
		{65BC680B-1849-40DA-AA3B-BC92BA65BD9C}.Debug|Any CPU.Build.0 = Debug|Any CPU
		{65BC680B-1849-40DA-AA3B-BC92BA65BD9C}.Release|Any CPU.ActiveCfg = Release|Any CPU
		{65BC680B-1849-40DA-AA3B-BC92BA65BD9C}.Release|Any CPU.Build.0 = Release|Any CPU
	EndGlobalSection
	GlobalSection(SolutionProperties) = preSolution
		HideSolutionNode = FALSE
	EndGlobalSection
	GlobalSection(NestedProjects) = preSolution
		{91E51463-84FF-CE31-135D-92792A4289A4} = {02EA681E-C7D8-13C7-8484-4AC65E1B71E8}
	EndGlobalSection
	GlobalSection(ExtensibilityGlobals) = postSolution
		SolutionGuid = {8AD2DF18-F3E1-4B55-962F-58035A182CC1}
	EndGlobalSection
EndGlobal
